// !$*UTF8*$!
{
	archiveVersion = 1;
	classes = {
	};
	objectVersion = 46;
	objects = {

/* Begin PBXBuildFile section */
		FE21F4A116AC2D7300481374 /* QuartzCore.framework in Frameworks */ = {isa = PBXBuildFile; fileRef = FE21F4A016AC2D7300481374 /* QuartzCore.framework */; };
		FE23184D16A6381900842EF1 /* Default-568h@2x.png in Resources */ = {isa = PBXBuildFile; fileRef = FE23181116A6381900842EF1 /* Default-568h@2x.png */; };
		FE23184E16A6381900842EF1 /* Default.png in Resources */ = {isa = PBXBuildFile; fileRef = FE23181216A6381900842EF1 /* Default.png */; };
		FE23184F16A6381900842EF1 /* Default@2x.png in Resources */ = {isa = PBXBuildFile; fileRef = FE23181316A6381900842EF1 /* Default@2x.png */; };
		FE23185016A6381900842EF1 /* InfoPlist.strings in Resources */ = {isa = PBXBuildFile; fileRef = FE23181416A6381900842EF1 /* InfoPlist.strings */; };
		FE23185116A6381900842EF1 /* MainStoryboard.storyboard in Resources */ = {isa = PBXBuildFile; fileRef = FE23181616A6381900842EF1 /* MainStoryboard.storyboard */; };
		FE23185616A6381900842EF1 /* btn_main.png in Resources */ = {isa = PBXBuildFile; fileRef = FE23181D16A6381900842EF1 /* btn_main.png */; };
		FE23185716A6381900842EF1 /* btn_main@2x.png in Resources */ = {isa = PBXBuildFile; fileRef = FE23181E16A6381900842EF1 /* btn_main@2x.png */; };
		FE23185816A6381900842EF1 /* icon_arrow_left.png in Resources */ = {isa = PBXBuildFile; fileRef = FE23181F16A6381900842EF1 /* icon_arrow_left.png */; };
		FE23185916A6381900842EF1 /* icon_arrow_left@2x.png in Resources */ = {isa = PBXBuildFile; fileRef = FE23182016A6381900842EF1 /* icon_arrow_left@2x.png */; };
		FE23185A16A6381900842EF1 /* icon_arrow_right.png in Resources */ = {isa = PBXBuildFile; fileRef = FE23182116A6381900842EF1 /* icon_arrow_right.png */; };
		FE23185B16A6381900842EF1 /* icon_arrow_right@2x.png in Resources */ = {isa = PBXBuildFile; fileRef = FE23182216A6381900842EF1 /* icon_arrow_right@2x.png */; };
		FE23185C16A6381900842EF1 /* icon_lock.png in Resources */ = {isa = PBXBuildFile; fileRef = FE23182316A6381900842EF1 /* icon_lock.png */; };
		FE23185D16A6381900842EF1 /* icon_lock@2x.png in Resources */ = {isa = PBXBuildFile; fileRef = FE23182416A6381900842EF1 /* icon_lock@2x.png */; };
		FE23185E16A6381900842EF1 /* icon_lock_active.png in Resources */ = {isa = PBXBuildFile; fileRef = FE23182516A6381900842EF1 /* icon_lock_active.png */; };
		FE23185F16A6381900842EF1 /* icon_lock_active@2x.png in Resources */ = {isa = PBXBuildFile; fileRef = FE23182616A6381900842EF1 /* icon_lock_active@2x.png */; };
		FE23186016A6381900842EF1 /* icon_negative.png in Resources */ = {isa = PBXBuildFile; fileRef = FE23182716A6381900842EF1 /* icon_negative.png */; };
		FE23186116A6381900842EF1 /* icon_negative@2x.png in Resources */ = {isa = PBXBuildFile; fileRef = FE23182816A6381900842EF1 /* icon_negative@2x.png */; };
		FE23186216A6381900842EF1 /* icon_negative_active.png in Resources */ = {isa = PBXBuildFile; fileRef = FE23182916A6381900842EF1 /* icon_negative_active.png */; };
		FE23186316A6381900842EF1 /* icon_negative_active@2x.png in Resources */ = {isa = PBXBuildFile; fileRef = FE23182A16A6381900842EF1 /* icon_negative_active@2x.png */; };
		FE23186416A6381900842EF1 /* icon_outline.png in Resources */ = {isa = PBXBuildFile; fileRef = FE23182B16A6381900842EF1 /* icon_outline.png */; };
		FE23186516A6381900842EF1 /* icon_outline@2x.png in Resources */ = {isa = PBXBuildFile; fileRef = FE23182C16A6381900842EF1 /* icon_outline@2x.png */; };
		FE23186616A6381900842EF1 /* icon_outline_active.png in Resources */ = {isa = PBXBuildFile; fileRef = FE23182D16A6381900842EF1 /* icon_outline_active.png */; };
		FE23186716A6381900842EF1 /* icon_outline_active@2x.png in Resources */ = {isa = PBXBuildFile; fileRef = FE23182E16A6381900842EF1 /* icon_outline_active@2x.png */; };
		FE23186816A6381900842EF1 /* icon_plus.png in Resources */ = {isa = PBXBuildFile; fileRef = FE23182F16A6381900842EF1 /* icon_plus.png */; };
		FE23186916A6381900842EF1 /* icon_plus@2x.png in Resources */ = {isa = PBXBuildFile; fileRef = FE23183016A6381900842EF1 /* icon_plus@2x.png */; };
		FE23186A16A6381900842EF1 /* icon_x.png in Resources */ = {isa = PBXBuildFile; fileRef = FE23183116A6381900842EF1 /* icon_x.png */; };
		FE23186B16A6381900842EF1 /* icon_x@2x.png in Resources */ = {isa = PBXBuildFile; fileRef = FE23183216A6381900842EF1 /* icon_x@2x.png */; };
		FE23186C16A6381900842EF1 /* LTAppDelegate.m in Sources */ = {isa = PBXBuildFile; fileRef = FE23183416A6381900842EF1 /* LTAppDelegate.m */; };
		FE23186D16A6381900842EF1 /* LTEdgeDetector.mm in Sources */ = {isa = PBXBuildFile; fileRef = FE23183616A6381900842EF1 /* LTEdgeDetector.mm */; };
		FE23186E16A6381900842EF1 /* LTImageView.m in Sources */ = {isa = PBXBuildFile; fileRef = FE23183816A6381900842EF1 /* LTImageView.m */; };
		FE23186F16A6381900842EF1 /* LTTracingWarningViewController.m in Sources */ = {isa = PBXBuildFile; fileRef = FE23183A16A6381900842EF1 /* LTTracingWarningViewController.m */; };
		FE23187016A6381900842EF1 /* LTView.m in Sources */ = {isa = PBXBuildFile; fileRef = FE23183C16A6381900842EF1 /* LTView.m */; };
		FE23187116A6381900842EF1 /* LTViewController.m in Sources */ = {isa = PBXBuildFile; fileRef = FE23183E16A6381900842EF1 /* LTViewController.m */; };
		FE23187216A6381900842EF1 /* main.m in Sources */ = {isa = PBXBuildFile; fileRef = FE23183F16A6381900842EF1 /* main.m */; };
		FE23187316A6381900842EF1 /* Mimeograph-Info.plist in Resources */ = {isa = PBXBuildFile; fileRef = FE23184016A6381900842EF1 /* Mimeograph-Info.plist */; };
		FE23187416A6381900842EF1 /* tick.mp3 in Resources */ = {isa = PBXBuildFile; fileRef = FE23184216A6381900842EF1 /* tick.mp3 */; };
		FE23187516A6381900842EF1 /* UIAlertView+Utilities.m in Sources */ = {isa = PBXBuildFile; fileRef = FE23184416A6381900842EF1 /* UIAlertView+Utilities.m */; };
		FE23187616A6381900842EF1 /* UIButton+Utilities.m in Sources */ = {isa = PBXBuildFile; fileRef = FE23184616A6381900842EF1 /* UIButton+Utilities.m */; };
		FE23187716A6381900842EF1 /* UIColor+Utilities.m in Sources */ = {isa = PBXBuildFile; fileRef = FE23184816A6381900842EF1 /* UIColor+Utilities.m */; };
		FE23187816A6381900842EF1 /* UIImage+Utilities.mm in Sources */ = {isa = PBXBuildFile; fileRef = FE23184A16A6381900842EF1 /* UIImage+Utilities.mm */; };
		FE23187916A6381900842EF1 /* UIView+Snapshot.m in Sources */ = {isa = PBXBuildFile; fileRef = FE23184C16A6381900842EF1 /* UIView+Snapshot.m */; };
		FE23188216A6392B00842EF1 /* icon_camera.png in Resources */ = {isa = PBXBuildFile; fileRef = FE23187E16A6392B00842EF1 /* icon_camera.png */; };
		FE23188316A6392B00842EF1 /* icon_camera@2x.png in Resources */ = {isa = PBXBuildFile; fileRef = FE23187F16A6392B00842EF1 /* icon_camera@2x.png */; };
		FE23188416A6392B00842EF1 /* icon_library.png in Resources */ = {isa = PBXBuildFile; fileRef = FE23188016A6392B00842EF1 /* icon_library.png */; };
		FE23188516A6392B00842EF1 /* icon_library@2x.png in Resources */ = {isa = PBXBuildFile; fileRef = FE23188116A6392B00842EF1 /* icon_library@2x.png */; };
		FE23188716A639A400842EF1 /* Icon-72.png in Resources */ = {isa = PBXBuildFile; fileRef = FE23188616A639A300842EF1 /* Icon-72.png */; };
		FE23188916A639A800842EF1 /* Icon-72@2x.png in Resources */ = {isa = PBXBuildFile; fileRef = FE23188816A639A800842EF1 /* Icon-72@2x.png */; };
		FE23189216A639C100842EF1 /* Icon-Small-50.png in Resources */ = {isa = PBXBuildFile; fileRef = FE23188A16A639C100842EF1 /* Icon-Small-50.png */; };
		FE23189316A639C100842EF1 /* Icon-Small-50@2x.png in Resources */ = {isa = PBXBuildFile; fileRef = FE23188B16A639C100842EF1 /* Icon-Small-50@2x.png */; };
		FE23189416A639C100842EF1 /* Icon-Small.png in Resources */ = {isa = PBXBuildFile; fileRef = FE23188C16A639C100842EF1 /* Icon-Small.png */; };
		FE23189516A639C100842EF1 /* Icon-Small@2x.png in Resources */ = {isa = PBXBuildFile; fileRef = FE23188D16A639C100842EF1 /* Icon-Small@2x.png */; };
		FE23189616A639C100842EF1 /* Icon.png in Resources */ = {isa = PBXBuildFile; fileRef = FE23188E16A639C100842EF1 /* Icon.png */; };
		FE23189716A639C100842EF1 /* Icon@2x.png in Resources */ = {isa = PBXBuildFile; fileRef = FE23188F16A639C100842EF1 /* Icon@2x.png */; };
		FE23189816A639C100842EF1 /* iTunesArtwork.png in Resources */ = {isa = PBXBuildFile; fileRef = FE23189016A639C100842EF1 /* iTunesArtwork.png */; };
		FE23189916A639C100842EF1 /* iTunesArtwork@2x.png in Resources */ = {isa = PBXBuildFile; fileRef = FE23189116A639C100842EF1 /* iTunesArtwork@2x.png */; };
		FE31106416B0BD1D002442C7 /* LTSliderViewController.m in Sources */ = {isa = PBXBuildFile; fileRef = FE31106316B0BD1D002442C7 /* LTSliderViewController.m */; };
		FE351C6316865AA9000FB0DE /* AssetsLibrary.framework in Frameworks */ = {isa = PBXBuildFile; fileRef = FE351C6216865AA9000FB0DE /* AssetsLibrary.framework */; };
		FE9DBCC316794E73009E5B75 /* UIKit.framework in Frameworks */ = {isa = PBXBuildFile; fileRef = FE9DBCC216794E73009E5B75 /* UIKit.framework */; };
		FE9DBCC516794E73009E5B75 /* Foundation.framework in Frameworks */ = {isa = PBXBuildFile; fileRef = FE9DBCC416794E73009E5B75 /* Foundation.framework */; };
		FE9DBCC716794E73009E5B75 /* CoreGraphics.framework in Frameworks */ = {isa = PBXBuildFile; fileRef = FE9DBCC616794E73009E5B75 /* CoreGraphics.framework */; };
		FEAF93C71689F6720026294D /* MBProgressHUD.m in Sources */ = {isa = PBXBuildFile; fileRef = FEAF93C61689F6720026294D /* MBProgressHUD.m */; };
		FEAF93D6168A472D0026294D /* AudioToolbox.framework in Frameworks */ = {isa = PBXBuildFile; fileRef = FEAF93D5168A472D0026294D /* AudioToolbox.framework */; };
		FEC3934116872ED800CD5F4E /* opencv2.framework in Frameworks */ = {isa = PBXBuildFile; fileRef = FEC3934016872ED800CD5F4E /* opencv2.framework */; };
/* End PBXBuildFile section */

/* Begin PBXFileReference section */
		FE21F4A016AC2D7300481374 /* QuartzCore.framework */ = {isa = PBXFileReference; lastKnownFileType = wrapper.framework; name = QuartzCore.framework; path = System/Library/Frameworks/QuartzCore.framework; sourceTree = SDKROOT; };
		FE23181116A6381900842EF1 /* Default-568h@2x.png */ = {isa = PBXFileReference; lastKnownFileType = image.png; path = "Default-568h@2x.png"; sourceTree = "<group>"; };
		FE23181216A6381900842EF1 /* Default.png */ = {isa = PBXFileReference; lastKnownFileType = image.png; path = Default.png; sourceTree = "<group>"; };
		FE23181316A6381900842EF1 /* Default@2x.png */ = {isa = PBXFileReference; lastKnownFileType = image.png; path = "Default@2x.png"; sourceTree = "<group>"; };
		FE23181516A6381900842EF1 /* en */ = {isa = PBXFileReference; lastKnownFileType = text.plist.strings; name = en; path = en.lproj/InfoPlist.strings; sourceTree = "<group>"; };
		FE23181716A6381900842EF1 /* en */ = {isa = PBXFileReference; lastKnownFileType = file.storyboard; name = en; path = en.lproj/MainStoryboard.storyboard; sourceTree = "<group>"; };
		FE23181D16A6381900842EF1 /* btn_main.png */ = {isa = PBXFileReference; lastKnownFileType = image.png; path = btn_main.png; sourceTree = "<group>"; };
		FE23181E16A6381900842EF1 /* btn_main@2x.png */ = {isa = PBXFileReference; lastKnownFileType = image.png; path = "btn_main@2x.png"; sourceTree = "<group>"; };
		FE23181F16A6381900842EF1 /* icon_arrow_left.png */ = {isa = PBXFileReference; lastKnownFileType = image.png; path = icon_arrow_left.png; sourceTree = "<group>"; };
		FE23182016A6381900842EF1 /* icon_arrow_left@2x.png */ = {isa = PBXFileReference; lastKnownFileType = image.png; path = "icon_arrow_left@2x.png"; sourceTree = "<group>"; };
		FE23182116A6381900842EF1 /* icon_arrow_right.png */ = {isa = PBXFileReference; lastKnownFileType = image.png; path = icon_arrow_right.png; sourceTree = "<group>"; };
		FE23182216A6381900842EF1 /* icon_arrow_right@2x.png */ = {isa = PBXFileReference; lastKnownFileType = image.png; path = "icon_arrow_right@2x.png"; sourceTree = "<group>"; };
		FE23182316A6381900842EF1 /* icon_lock.png */ = {isa = PBXFileReference; lastKnownFileType = image.png; path = icon_lock.png; sourceTree = "<group>"; };
		FE23182416A6381900842EF1 /* icon_lock@2x.png */ = {isa = PBXFileReference; lastKnownFileType = image.png; path = "icon_lock@2x.png"; sourceTree = "<group>"; };
		FE23182516A6381900842EF1 /* icon_lock_active.png */ = {isa = PBXFileReference; lastKnownFileType = image.png; path = icon_lock_active.png; sourceTree = "<group>"; };
		FE23182616A6381900842EF1 /* icon_lock_active@2x.png */ = {isa = PBXFileReference; lastKnownFileType = image.png; path = "icon_lock_active@2x.png"; sourceTree = "<group>"; };
		FE23182716A6381900842EF1 /* icon_negative.png */ = {isa = PBXFileReference; lastKnownFileType = image.png; path = icon_negative.png; sourceTree = "<group>"; };
		FE23182816A6381900842EF1 /* icon_negative@2x.png */ = {isa = PBXFileReference; lastKnownFileType = image.png; path = "icon_negative@2x.png"; sourceTree = "<group>"; };
		FE23182916A6381900842EF1 /* icon_negative_active.png */ = {isa = PBXFileReference; lastKnownFileType = image.png; path = icon_negative_active.png; sourceTree = "<group>"; };
		FE23182A16A6381900842EF1 /* icon_negative_active@2x.png */ = {isa = PBXFileReference; lastKnownFileType = image.png; path = "icon_negative_active@2x.png"; sourceTree = "<group>"; };
		FE23182B16A6381900842EF1 /* icon_outline.png */ = {isa = PBXFileReference; lastKnownFileType = image.png; path = icon_outline.png; sourceTree = "<group>"; };
		FE23182C16A6381900842EF1 /* icon_outline@2x.png */ = {isa = PBXFileReference; lastKnownFileType = image.png; path = "icon_outline@2x.png"; sourceTree = "<group>"; };
		FE23182D16A6381900842EF1 /* icon_outline_active.png */ = {isa = PBXFileReference; lastKnownFileType = image.png; path = icon_outline_active.png; sourceTree = "<group>"; };
		FE23182E16A6381900842EF1 /* icon_outline_active@2x.png */ = {isa = PBXFileReference; lastKnownFileType = image.png; path = "icon_outline_active@2x.png"; sourceTree = "<group>"; };
		FE23182F16A6381900842EF1 /* icon_plus.png */ = {isa = PBXFileReference; lastKnownFileType = image.png; path = icon_plus.png; sourceTree = "<group>"; };
		FE23183016A6381900842EF1 /* icon_plus@2x.png */ = {isa = PBXFileReference; lastKnownFileType = image.png; path = "icon_plus@2x.png"; sourceTree = "<group>"; };
		FE23183116A6381900842EF1 /* icon_x.png */ = {isa = PBXFileReference; lastKnownFileType = image.png; path = icon_x.png; sourceTree = "<group>"; };
		FE23183216A6381900842EF1 /* icon_x@2x.png */ = {isa = PBXFileReference; lastKnownFileType = image.png; path = "icon_x@2x.png"; sourceTree = "<group>"; };
		FE23183316A6381900842EF1 /* LTAppDelegate.h */ = {isa = PBXFileReference; fileEncoding = 4; lastKnownFileType = sourcecode.c.h; path = LTAppDelegate.h; sourceTree = "<group>"; };
		FE23183416A6381900842EF1 /* LTAppDelegate.m */ = {isa = PBXFileReference; fileEncoding = 4; lastKnownFileType = sourcecode.c.objc; path = LTAppDelegate.m; sourceTree = "<group>"; };
		FE23183516A6381900842EF1 /* LTEdgeDetector.h */ = {isa = PBXFileReference; fileEncoding = 4; lastKnownFileType = sourcecode.c.h; path = LTEdgeDetector.h; sourceTree = "<group>"; };
		FE23183616A6381900842EF1 /* LTEdgeDetector.mm */ = {isa = PBXFileReference; fileEncoding = 4; lastKnownFileType = sourcecode.cpp.objcpp; path = LTEdgeDetector.mm; sourceTree = "<group>"; };
		FE23183716A6381900842EF1 /* LTImageView.h */ = {isa = PBXFileReference; fileEncoding = 4; lastKnownFileType = sourcecode.c.h; path = LTImageView.h; sourceTree = "<group>"; };
		FE23183816A6381900842EF1 /* LTImageView.m */ = {isa = PBXFileReference; fileEncoding = 4; lastKnownFileType = sourcecode.c.objc; path = LTImageView.m; sourceTree = "<group>"; };
		FE23183916A6381900842EF1 /* LTTracingWarningViewController.h */ = {isa = PBXFileReference; fileEncoding = 4; lastKnownFileType = sourcecode.c.h; path = LTTracingWarningViewController.h; sourceTree = "<group>"; };
		FE23183A16A6381900842EF1 /* LTTracingWarningViewController.m */ = {isa = PBXFileReference; fileEncoding = 4; lastKnownFileType = sourcecode.c.objc; path = LTTracingWarningViewController.m; sourceTree = "<group>"; };
		FE23183B16A6381900842EF1 /* LTView.h */ = {isa = PBXFileReference; fileEncoding = 4; lastKnownFileType = sourcecode.c.h; path = LTView.h; sourceTree = "<group>"; };
		FE23183C16A6381900842EF1 /* LTView.m */ = {isa = PBXFileReference; fileEncoding = 4; lastKnownFileType = sourcecode.c.objc; path = LTView.m; sourceTree = "<group>"; };
		FE23183D16A6381900842EF1 /* LTViewController.h */ = {isa = PBXFileReference; fileEncoding = 4; lastKnownFileType = sourcecode.c.h; path = LTViewController.h; sourceTree = "<group>"; };
		FE23183E16A6381900842EF1 /* LTViewController.m */ = {isa = PBXFileReference; fileEncoding = 4; lastKnownFileType = sourcecode.c.objc; path = LTViewController.m; sourceTree = "<group>"; };
		FE23183F16A6381900842EF1 /* main.m */ = {isa = PBXFileReference; fileEncoding = 4; lastKnownFileType = sourcecode.c.objc; path = main.m; sourceTree = "<group>"; };
		FE23184016A6381900842EF1 /* Mimeograph-Info.plist */ = {isa = PBXFileReference; fileEncoding = 4; lastKnownFileType = text.plist.xml; path = "Mimeograph-Info.plist"; sourceTree = "<group>"; };
		FE23184116A6381900842EF1 /* Mimeograph-Prefix.pch */ = {isa = PBXFileReference; fileEncoding = 4; lastKnownFileType = sourcecode.c.h; path = "Mimeograph-Prefix.pch"; sourceTree = "<group>"; };
		FE23184216A6381900842EF1 /* tick.mp3 */ = {isa = PBXFileReference; lastKnownFileType = audio.mp3; name = tick.mp3; path = Mimeograph/tick.mp3; sourceTree = "<group>"; };
		FE23184316A6381900842EF1 /* UIAlertView+Utilities.h */ = {isa = PBXFileReference; fileEncoding = 4; lastKnownFileType = sourcecode.c.h; path = "UIAlertView+Utilities.h"; sourceTree = "<group>"; };
		FE23184416A6381900842EF1 /* UIAlertView+Utilities.m */ = {isa = PBXFileReference; fileEncoding = 4; lastKnownFileType = sourcecode.c.objc; path = "UIAlertView+Utilities.m"; sourceTree = "<group>"; };
		FE23184516A6381900842EF1 /* UIButton+Utilities.h */ = {isa = PBXFileReference; fileEncoding = 4; lastKnownFileType = sourcecode.c.h; path = "UIButton+Utilities.h"; sourceTree = "<group>"; };
		FE23184616A6381900842EF1 /* UIButton+Utilities.m */ = {isa = PBXFileReference; fileEncoding = 4; lastKnownFileType = sourcecode.c.objc; path = "UIButton+Utilities.m"; sourceTree = "<group>"; };
		FE23184716A6381900842EF1 /* UIColor+Utilities.h */ = {isa = PBXFileReference; fileEncoding = 4; lastKnownFileType = sourcecode.c.h; path = "UIColor+Utilities.h"; sourceTree = "<group>"; };
		FE23184816A6381900842EF1 /* UIColor+Utilities.m */ = {isa = PBXFileReference; fileEncoding = 4; lastKnownFileType = sourcecode.c.objc; path = "UIColor+Utilities.m"; sourceTree = "<group>"; };
		FE23184916A6381900842EF1 /* UIImage+Utilities.h */ = {isa = PBXFileReference; fileEncoding = 4; lastKnownFileType = sourcecode.c.h; path = "UIImage+Utilities.h"; sourceTree = "<group>"; };
		FE23184A16A6381900842EF1 /* UIImage+Utilities.mm */ = {isa = PBXFileReference; fileEncoding = 4; lastKnownFileType = sourcecode.cpp.objcpp; path = "UIImage+Utilities.mm"; sourceTree = "<group>"; };
		FE23184B16A6381900842EF1 /* UIView+Snapshot.h */ = {isa = PBXFileReference; fileEncoding = 4; lastKnownFileType = sourcecode.c.h; path = "UIView+Snapshot.h"; sourceTree = "<group>"; };
		FE23184C16A6381900842EF1 /* UIView+Snapshot.m */ = {isa = PBXFileReference; fileEncoding = 4; lastKnownFileType = sourcecode.c.objc; path = "UIView+Snapshot.m"; sourceTree = "<group>"; };
		FE23187E16A6392B00842EF1 /* icon_camera.png */ = {isa = PBXFileReference; lastKnownFileType = image.png; path = icon_camera.png; sourceTree = "<group>"; };
		FE23187F16A6392B00842EF1 /* icon_camera@2x.png */ = {isa = PBXFileReference; lastKnownFileType = image.png; path = "icon_camera@2x.png"; sourceTree = "<group>"; };
		FE23188016A6392B00842EF1 /* icon_library.png */ = {isa = PBXFileReference; lastKnownFileType = image.png; path = icon_library.png; sourceTree = "<group>"; };
		FE23188116A6392B00842EF1 /* icon_library@2x.png */ = {isa = PBXFileReference; lastKnownFileType = image.png; path = "icon_library@2x.png"; sourceTree = "<group>"; };
		FE23188616A639A300842EF1 /* Icon-72.png */ = {isa = PBXFileReference; lastKnownFileType = image.png; name = "Icon-72.png"; path = "../Icon-72.png"; sourceTree = "<group>"; };
		FE23188816A639A800842EF1 /* Icon-72@2x.png */ = {isa = PBXFileReference; lastKnownFileType = image.png; name = "Icon-72@2x.png"; path = "../Icon-72@2x.png"; sourceTree = "<group>"; };
		FE23188A16A639C100842EF1 /* Icon-Small-50.png */ = {isa = PBXFileReference; lastKnownFileType = image.png; path = "Icon-Small-50.png"; sourceTree = SOURCE_ROOT; };
		FE23188B16A639C100842EF1 /* Icon-Small-50@2x.png */ = {isa = PBXFileReference; lastKnownFileType = image.png; path = "Icon-Small-50@2x.png"; sourceTree = SOURCE_ROOT; };
		FE23188C16A639C100842EF1 /* Icon-Small.png */ = {isa = PBXFileReference; lastKnownFileType = image.png; path = "Icon-Small.png"; sourceTree = SOURCE_ROOT; };
		FE23188D16A639C100842EF1 /* Icon-Small@2x.png */ = {isa = PBXFileReference; lastKnownFileType = image.png; path = "Icon-Small@2x.png"; sourceTree = SOURCE_ROOT; };
		FE23188E16A639C100842EF1 /* Icon.png */ = {isa = PBXFileReference; lastKnownFileType = image.png; path = Icon.png; sourceTree = SOURCE_ROOT; };
		FE23188F16A639C100842EF1 /* Icon@2x.png */ = {isa = PBXFileReference; lastKnownFileType = image.png; path = "Icon@2x.png"; sourceTree = SOURCE_ROOT; };
		FE23189016A639C100842EF1 /* iTunesArtwork.png */ = {isa = PBXFileReference; lastKnownFileType = image.png; path = iTunesArtwork.png; sourceTree = SOURCE_ROOT; };
		FE23189116A639C100842EF1 /* iTunesArtwork@2x.png */ = {isa = PBXFileReference; lastKnownFileType = image.png; path = "iTunesArtwork@2x.png"; sourceTree = SOURCE_ROOT; };
		FE31106216B0BD1D002442C7 /* LTSliderViewController.h */ = {isa = PBXFileReference; fileEncoding = 4; lastKnownFileType = sourcecode.c.h; path = LTSliderViewController.h; sourceTree = "<group>"; };
		FE31106316B0BD1D002442C7 /* LTSliderViewController.m */ = {isa = PBXFileReference; fileEncoding = 4; lastKnownFileType = sourcecode.c.objc; path = LTSliderViewController.m; sourceTree = "<group>"; };
		FE351C6216865AA9000FB0DE /* AssetsLibrary.framework */ = {isa = PBXFileReference; lastKnownFileType = wrapper.framework; name = AssetsLibrary.framework; path = System/Library/Frameworks/AssetsLibrary.framework; sourceTree = SDKROOT; };
		FE9DBCBE16794E73009E5B75 /* Mimeograph.app */ = {isa = PBXFileReference; explicitFileType = wrapper.application; includeInIndex = 0; path = Mimeograph.app; sourceTree = BUILT_PRODUCTS_DIR; };
		FE9DBCC216794E73009E5B75 /* UIKit.framework */ = {isa = PBXFileReference; lastKnownFileType = wrapper.framework; name = UIKit.framework; path = System/Library/Frameworks/UIKit.framework; sourceTree = SDKROOT; };
		FE9DBCC416794E73009E5B75 /* Foundation.framework */ = {isa = PBXFileReference; lastKnownFileType = wrapper.framework; name = Foundation.framework; path = System/Library/Frameworks/Foundation.framework; sourceTree = SDKROOT; };
		FE9DBCC616794E73009E5B75 /* CoreGraphics.framework */ = {isa = PBXFileReference; lastKnownFileType = wrapper.framework; name = CoreGraphics.framework; path = System/Library/Frameworks/CoreGraphics.framework; sourceTree = SDKROOT; };
		FEAF93C51689F6720026294D /* MBProgressHUD.h */ = {isa = PBXFileReference; fileEncoding = 4; lastKnownFileType = sourcecode.c.h; path = MBProgressHUD.h; sourceTree = "<group>"; };
		FEAF93C61689F6720026294D /* MBProgressHUD.m */ = {isa = PBXFileReference; fileEncoding = 4; lastKnownFileType = sourcecode.c.objc; path = MBProgressHUD.m; sourceTree = "<group>"; };
		FEAF93D5168A472D0026294D /* AudioToolbox.framework */ = {isa = PBXFileReference; lastKnownFileType = wrapper.framework; name = AudioToolbox.framework; path = System/Library/Frameworks/AudioToolbox.framework; sourceTree = SDKROOT; };
		FEC3934016872ED800CD5F4E /* opencv2.framework */ = {isa = PBXFileReference; lastKnownFileType = wrapper.framework; name = opencv2.framework; path = Externals/opencv2.framework; sourceTree = "<group>"; };
/* End PBXFileReference section */

/* Begin PBXFrameworksBuildPhase section */
		FE9DBCBB16794E73009E5B75 /* Frameworks */ = {
			isa = PBXFrameworksBuildPhase;
			buildActionMask = 2147483647;
			files = (
				FE21F4A116AC2D7300481374 /* QuartzCore.framework in Frameworks */,
				FEAF93D6168A472D0026294D /* AudioToolbox.framework in Frameworks */,
				FEC3934116872ED800CD5F4E /* opencv2.framework in Frameworks */,
				FE351C6316865AA9000FB0DE /* AssetsLibrary.framework in Frameworks */,
				FE9DBCC316794E73009E5B75 /* UIKit.framework in Frameworks */,
				FE9DBCC516794E73009E5B75 /* Foundation.framework in Frameworks */,
				FE9DBCC716794E73009E5B75 /* CoreGraphics.framework in Frameworks */,
			);
			runOnlyForDeploymentPostprocessing = 0;
		};
/* End PBXFrameworksBuildPhase section */

/* Begin PBXGroup section */
		FE23181016A6381900842EF1 /* Mimeograph */ = {
			isa = PBXGroup;
			children = (
				FE23187D16A638C200842EF1 /* Main */,
				FE23187B16A6389F00842EF1 /* Categories */,
				FE23181C16A6381900842EF1 /* images */,
				FE23187C16A638B300842EF1 /* Sounds */,
				FE23187A16A6386600842EF1 /* Supporting Files */,
			);
			path = Mimeograph;
			sourceTree = "<group>";
		};
		FE23181C16A6381900842EF1 /* images */ = {
			isa = PBXGroup;
			children = (
				FE23187E16A6392B00842EF1 /* icon_camera.png */,
				FE23187F16A6392B00842EF1 /* icon_camera@2x.png */,
				FE23188016A6392B00842EF1 /* icon_library.png */,
				FE23188116A6392B00842EF1 /* icon_library@2x.png */,
				FE23181D16A6381900842EF1 /* btn_main.png */,
				FE23181E16A6381900842EF1 /* btn_main@2x.png */,
				FE23181F16A6381900842EF1 /* icon_arrow_left.png */,
				FE23182016A6381900842EF1 /* icon_arrow_left@2x.png */,
				FE23182116A6381900842EF1 /* icon_arrow_right.png */,
				FE23182216A6381900842EF1 /* icon_arrow_right@2x.png */,
				FE23182316A6381900842EF1 /* icon_lock.png */,
				FE23182416A6381900842EF1 /* icon_lock@2x.png */,
				FE23182516A6381900842EF1 /* icon_lock_active.png */,
				FE23182616A6381900842EF1 /* icon_lock_active@2x.png */,
				FE23182716A6381900842EF1 /* icon_negative.png */,
				FE23182816A6381900842EF1 /* icon_negative@2x.png */,
				FE23182916A6381900842EF1 /* icon_negative_active.png */,
				FE23182A16A6381900842EF1 /* icon_negative_active@2x.png */,
				FE23182B16A6381900842EF1 /* icon_outline.png */,
				FE23182C16A6381900842EF1 /* icon_outline@2x.png */,
				FE23182D16A6381900842EF1 /* icon_outline_active.png */,
				FE23182E16A6381900842EF1 /* icon_outline_active@2x.png */,
				FE23182F16A6381900842EF1 /* icon_plus.png */,
				FE23183016A6381900842EF1 /* icon_plus@2x.png */,
				FE23183116A6381900842EF1 /* icon_x.png */,
				FE23183216A6381900842EF1 /* icon_x@2x.png */,
			);
			path = images;
			sourceTree = "<group>";
		};
		FE23187A16A6386600842EF1 /* Supporting Files */ = {
			isa = PBXGroup;
			children = (
				FE23188A16A639C100842EF1 /* Icon-Small-50.png */,
				FE23188B16A639C100842EF1 /* Icon-Small-50@2x.png */,
				FE23188C16A639C100842EF1 /* Icon-Small.png */,
				FE23188D16A639C100842EF1 /* Icon-Small@2x.png */,
				FE23188E16A639C100842EF1 /* Icon.png */,
				FE23188F16A639C100842EF1 /* Icon@2x.png */,
				FE23189016A639C100842EF1 /* iTunesArtwork.png */,
				FE23189116A639C100842EF1 /* iTunesArtwork@2x.png */,
				FE23188816A639A800842EF1 /* Icon-72@2x.png */,
				FE23188616A639A300842EF1 /* Icon-72.png */,
				FE23181116A6381900842EF1 /* Default-568h@2x.png */,
				FE23181216A6381900842EF1 /* Default.png */,
				FE23181316A6381900842EF1 /* Default@2x.png */,
				FE23181416A6381900842EF1 /* InfoPlist.strings */,
				FE23183F16A6381900842EF1 /* main.m */,
				FE23184016A6381900842EF1 /* Mimeograph-Info.plist */,
				FE23184116A6381900842EF1 /* Mimeograph-Prefix.pch */,
			);
			name = "Supporting Files";
			sourceTree = "<group>";
		};
		FE23187B16A6389F00842EF1 /* Categories */ = {
			isa = PBXGroup;
			children = (
				FE23184316A6381900842EF1 /* UIAlertView+Utilities.h */,
				FE23184416A6381900842EF1 /* UIAlertView+Utilities.m */,
				FE23184516A6381900842EF1 /* UIButton+Utilities.h */,
				FE23184616A6381900842EF1 /* UIButton+Utilities.m */,
				FE23184716A6381900842EF1 /* UIColor+Utilities.h */,
				FE23184816A6381900842EF1 /* UIColor+Utilities.m */,
				FE23184916A6381900842EF1 /* UIImage+Utilities.h */,
				FE23184A16A6381900842EF1 /* UIImage+Utilities.mm */,
				FE23184B16A6381900842EF1 /* UIView+Snapshot.h */,
				FE23184C16A6381900842EF1 /* UIView+Snapshot.m */,
			);
			name = Categories;
			sourceTree = "<group>";
		};
		FE23187C16A638B300842EF1 /* Sounds */ = {
			isa = PBXGroup;
			children = (
				FE23184216A6381900842EF1 /* tick.mp3 */,
			);
			name = Sounds;
			path = ..;
			sourceTree = "<group>";
		};
		FE23187D16A638C200842EF1 /* Main */ = {
			isa = PBXGroup;
			children = (
				FE23181616A6381900842EF1 /* MainStoryboard.storyboard */,
				FE23183316A6381900842EF1 /* LTAppDelegate.h */,
				FE23183416A6381900842EF1 /* LTAppDelegate.m */,
				FE23183516A6381900842EF1 /* LTEdgeDetector.h */,
				FE23183616A6381900842EF1 /* LTEdgeDetector.mm */,
				FE23183716A6381900842EF1 /* LTImageView.h */,
				FE23183816A6381900842EF1 /* LTImageView.m */,
				FE23183916A6381900842EF1 /* LTTracingWarningViewController.h */,
				FE23183A16A6381900842EF1 /* LTTracingWarningViewController.m */,
				FE23183B16A6381900842EF1 /* LTView.h */,
				FE23183C16A6381900842EF1 /* LTView.m */,
				FE23183D16A6381900842EF1 /* LTViewController.h */,
				FE23183E16A6381900842EF1 /* LTViewController.m */,
				FE31106216B0BD1D002442C7 /* LTSliderViewController.h */,
				FE31106316B0BD1D002442C7 /* LTSliderViewController.m */,
			);
			name = Main;
			sourceTree = "<group>";
		};
		FE535C52168657BD0044BC70 /* Externals */ = {
			isa = PBXGroup;
			children = (
				FEAF93C41689F6720026294D /* MBProgressHUD */,
			);
			path = Externals;
			sourceTree = "<group>";
		};
		FE9DBCB316794E72009E5B75 = {
			isa = PBXGroup;
			children = (
				FE23181016A6381900842EF1 /* Mimeograph */,
				FE535C52168657BD0044BC70 /* Externals */,
				FE9DBCC116794E73009E5B75 /* Frameworks */,
				FE9DBCBF16794E73009E5B75 /* Products */,
			);
			sourceTree = "<group>";
		};
		FE9DBCBF16794E73009E5B75 /* Products */ = {
			isa = PBXGroup;
			children = (
				FE9DBCBE16794E73009E5B75 /* Mimeograph.app */,
			);
			name = Products;
			sourceTree = "<group>";
		};
		FE9DBCC116794E73009E5B75 /* Frameworks */ = {
			isa = PBXGroup;
			children = (
				FE21F4A016AC2D7300481374 /* QuartzCore.framework */,
				FEAF93D5168A472D0026294D /* AudioToolbox.framework */,
				FEC3934016872ED800CD5F4E /* opencv2.framework */,
				FE351C6216865AA9000FB0DE /* AssetsLibrary.framework */,
				FE9DBCC216794E73009E5B75 /* UIKit.framework */,
				FE9DBCC416794E73009E5B75 /* Foundation.framework */,
				FE9DBCC616794E73009E5B75 /* CoreGraphics.framework */,
			);
			name = Frameworks;
			sourceTree = "<group>";
		};
		FEAF93C41689F6720026294D /* MBProgressHUD */ = {
			isa = PBXGroup;
			children = (
				FEAF93C51689F6720026294D /* MBProgressHUD.h */,
				FEAF93C61689F6720026294D /* MBProgressHUD.m */,
			);
			path = MBProgressHUD;
			sourceTree = "<group>";
		};
/* End PBXGroup section */

/* Begin PBXNativeTarget section */
		FE9DBCBD16794E73009E5B75 /* Mimeograph */ = {
			isa = PBXNativeTarget;
			buildConfigurationList = FE9DBCE216794E73009E5B75 /* Build configuration list for PBXNativeTarget "Mimeograph" */;
			buildPhases = (
				FE9DBCBA16794E73009E5B75 /* Sources */,
				FE9DBCBB16794E73009E5B75 /* Frameworks */,
				FE9DBCBC16794E73009E5B75 /* Resources */,
			);
			buildRules = (
			);
			dependencies = (
			);
			name = Mimeograph;
			productName = Mimeograph;
			productReference = FE9DBCBE16794E73009E5B75 /* Mimeograph.app */;
			productType = "com.apple.product-type.application";
		};
/* End PBXNativeTarget section */

/* Begin PBXProject section */
		FE9DBCB516794E72009E5B75 /* Project object */ = {
			isa = PBXProject;
			attributes = {
				CLASSPREFIX = LT;
				LastUpgradeCheck = 0450;
				ORGANIZATIONNAME = Pixelbleed;
			};
			buildConfigurationList = FE9DBCB816794E72009E5B75 /* Build configuration list for PBXProject "Mimeograph" */;
			compatibilityVersion = "Xcode 3.2";
			developmentRegion = English;
			hasScannedForEncodings = 0;
			knownRegions = (
				en,
			);
			mainGroup = FE9DBCB316794E72009E5B75;
			productRefGroup = FE9DBCBF16794E73009E5B75 /* Products */;
			projectDirPath = "";
			projectRoot = "";
			targets = (
				FE9DBCBD16794E73009E5B75 /* Mimeograph */,
			);
		};
/* End PBXProject section */

/* Begin PBXResourcesBuildPhase section */
		FE9DBCBC16794E73009E5B75 /* Resources */ = {
			isa = PBXResourcesBuildPhase;
			buildActionMask = 2147483647;
			files = (
				FE23184D16A6381900842EF1 /* Default-568h@2x.png in Resources */,
				FE23184E16A6381900842EF1 /* Default.png in Resources */,
				FE23184F16A6381900842EF1 /* Default@2x.png in Resources */,
				FE23185016A6381900842EF1 /* InfoPlist.strings in Resources */,
				FE23185116A6381900842EF1 /* MainStoryboard.storyboard in Resources */,
				FE23185616A6381900842EF1 /* btn_main.png in Resources */,
				FE23185716A6381900842EF1 /* btn_main@2x.png in Resources */,
				FE23185816A6381900842EF1 /* icon_arrow_left.png in Resources */,
				FE23185916A6381900842EF1 /* icon_arrow_left@2x.png in Resources */,
				FE23185A16A6381900842EF1 /* icon_arrow_right.png in Resources */,
				FE23185B16A6381900842EF1 /* icon_arrow_right@2x.png in Resources */,
				FE23185C16A6381900842EF1 /* icon_lock.png in Resources */,
				FE23185D16A6381900842EF1 /* icon_lock@2x.png in Resources */,
				FE23185E16A6381900842EF1 /* icon_lock_active.png in Resources */,
				FE23185F16A6381900842EF1 /* icon_lock_active@2x.png in Resources */,
				FE23186016A6381900842EF1 /* icon_negative.png in Resources */,
				FE23186116A6381900842EF1 /* icon_negative@2x.png in Resources */,
				FE23186216A6381900842EF1 /* icon_negative_active.png in Resources */,
				FE23186316A6381900842EF1 /* icon_negative_active@2x.png in Resources */,
				FE23186416A6381900842EF1 /* icon_outline.png in Resources */,
				FE23186516A6381900842EF1 /* icon_outline@2x.png in Resources */,
				FE23186616A6381900842EF1 /* icon_outline_active.png in Resources */,
				FE23186716A6381900842EF1 /* icon_outline_active@2x.png in Resources */,
				FE23186816A6381900842EF1 /* icon_plus.png in Resources */,
				FE23186916A6381900842EF1 /* icon_plus@2x.png in Resources */,
				FE23186A16A6381900842EF1 /* icon_x.png in Resources */,
				FE23186B16A6381900842EF1 /* icon_x@2x.png in Resources */,
				FE23187316A6381900842EF1 /* Mimeograph-Info.plist in Resources */,
				FE23187416A6381900842EF1 /* tick.mp3 in Resources */,
				FE23188216A6392B00842EF1 /* icon_camera.png in Resources */,
				FE23188316A6392B00842EF1 /* icon_camera@2x.png in Resources */,
				FE23188416A6392B00842EF1 /* icon_library.png in Resources */,
				FE23188516A6392B00842EF1 /* icon_library@2x.png in Resources */,
				FE23188716A639A400842EF1 /* Icon-72.png in Resources */,
				FE23188916A639A800842EF1 /* Icon-72@2x.png in Resources */,
				FE23189216A639C100842EF1 /* Icon-Small-50.png in Resources */,
				FE23189316A639C100842EF1 /* Icon-Small-50@2x.png in Resources */,
				FE23189416A639C100842EF1 /* Icon-Small.png in Resources */,
				FE23189516A639C100842EF1 /* Icon-Small@2x.png in Resources */,
				FE23189616A639C100842EF1 /* Icon.png in Resources */,
				FE23189716A639C100842EF1 /* Icon@2x.png in Resources */,
				FE23189816A639C100842EF1 /* iTunesArtwork.png in Resources */,
				FE23189916A639C100842EF1 /* iTunesArtwork@2x.png in Resources */,
			);
			runOnlyForDeploymentPostprocessing = 0;
		};
/* End PBXResourcesBuildPhase section */

/* Begin PBXSourcesBuildPhase section */
		FE9DBCBA16794E73009E5B75 /* Sources */ = {
			isa = PBXSourcesBuildPhase;
			buildActionMask = 2147483647;
			files = (
				FEAF93C71689F6720026294D /* MBProgressHUD.m in Sources */,
				FE23186C16A6381900842EF1 /* LTAppDelegate.m in Sources */,
				FE23186D16A6381900842EF1 /* LTEdgeDetector.mm in Sources */,
				FE23186E16A6381900842EF1 /* LTImageView.m in Sources */,
				FE23186F16A6381900842EF1 /* LTTracingWarningViewController.m in Sources */,
				FE23187016A6381900842EF1 /* LTView.m in Sources */,
				FE23187116A6381900842EF1 /* LTViewController.m in Sources */,
				FE23187216A6381900842EF1 /* main.m in Sources */,
				FE23187516A6381900842EF1 /* UIAlertView+Utilities.m in Sources */,
				FE23187616A6381900842EF1 /* UIButton+Utilities.m in Sources */,
				FE23187716A6381900842EF1 /* UIColor+Utilities.m in Sources */,
				FE23187816A6381900842EF1 /* UIImage+Utilities.mm in Sources */,
				FE23187916A6381900842EF1 /* UIView+Snapshot.m in Sources */,
				FE31106416B0BD1D002442C7 /* LTSliderViewController.m in Sources */,
			);
			runOnlyForDeploymentPostprocessing = 0;
		};
/* End PBXSourcesBuildPhase section */

/* Begin PBXVariantGroup section */
		FE23181416A6381900842EF1 /* InfoPlist.strings */ = {
			isa = PBXVariantGroup;
			children = (
				FE23181516A6381900842EF1 /* en */,
			);
			name = InfoPlist.strings;
			sourceTree = "<group>";
		};
		FE23181616A6381900842EF1 /* MainStoryboard.storyboard */ = {
			isa = PBXVariantGroup;
			children = (
				FE23181716A6381900842EF1 /* en */,
			);
			name = MainStoryboard.storyboard;
			sourceTree = "<group>";
		};
/* End PBXVariantGroup section */

/* Begin XCBuildConfiguration section */
		FE9DBCE016794E73009E5B75 /* Debug */ = {
			isa = XCBuildConfiguration;
			buildSettings = {
				ALWAYS_SEARCH_USER_PATHS = NO;
				CLANG_CXX_LANGUAGE_STANDARD = "c++0x";
				CLANG_CXX_LIBRARY = "libstdc++";
				CLANG_ENABLE_OBJC_ARC = YES;
				CLANG_WARN_EMPTY_BODY = YES;
				CLANG_WARN__DUPLICATE_METHOD_MATCH = YES;
				CODE_SIGN_IDENTITY = "iPhone Developer";
				"CODE_SIGN_IDENTITY[sdk=iphoneos*]" = "iPhone Developer";
				COPY_PHASE_STRIP = NO;
				GCC_C_LANGUAGE_STANDARD = gnu99;
				GCC_DYNAMIC_NO_PIC = NO;
				GCC_OPTIMIZATION_LEVEL = 0;
				GCC_PRECOMPILE_PREFIX_HEADER = YES;
				GCC_PREPROCESSOR_DEFINITIONS = (
					"DEBUG=1",
					"$(inherited)",
				);
				GCC_SYMBOLS_PRIVATE_EXTERN = NO;
				GCC_WARN_ABOUT_RETURN_TYPE = YES;
				GCC_WARN_UNINITIALIZED_AUTOS = YES;
				GCC_WARN_UNUSED_VARIABLE = YES;
				IPHONEOS_DEPLOYMENT_TARGET = 5.1;
				ONLY_ACTIVE_ARCH = YES;
				OTHER_CFLAGS = "-lstdc++";
				OTHER_LDFLAGS = "";
				PROVISIONING_PROFILE = "";
				SDKROOT = iphoneos;
				TARGETED_DEVICE_FAMILY = 2;
			};
			name = Debug;
		};
		FE9DBCE116794E73009E5B75 /* Release */ = {
			isa = XCBuildConfiguration;
			buildSettings = {
				ALWAYS_SEARCH_USER_PATHS = NO;
				CLANG_CXX_LANGUAGE_STANDARD = "c++0x";
				CLANG_CXX_LIBRARY = "libstdc++";
				CLANG_ENABLE_OBJC_ARC = YES;
				CLANG_WARN_EMPTY_BODY = YES;
				CLANG_WARN__DUPLICATE_METHOD_MATCH = YES;
				CODE_SIGN_IDENTITY = "iPhone Distribution: Nicholas Bolton";
				"CODE_SIGN_IDENTITY[sdk=iphoneos*]" = "iPhone Developer";
				COPY_PHASE_STRIP = YES;
				GCC_C_LANGUAGE_STANDARD = gnu99;
				GCC_PRECOMPILE_PREFIX_HEADER = YES;
				GCC_WARN_ABOUT_RETURN_TYPE = YES;
				GCC_WARN_UNINITIALIZED_AUTOS = YES;
				GCC_WARN_UNUSED_VARIABLE = YES;
				IPHONEOS_DEPLOYMENT_TARGET = 5.1;
				OTHER_CFLAGS = "-lstdc++";
				OTHER_LDFLAGS = "";
				PROVISIONING_PROFILE = "314248EE-3B18-4C9B-A87F-7FDB3A02D37E";
				SDKROOT = iphoneos;
				TARGETED_DEVICE_FAMILY = 2;
				VALIDATE_PRODUCT = YES;
			};
			name = Release;
		};
		FE9DBCE316794E73009E5B75 /* Debug */ = {
			isa = XCBuildConfiguration;
			buildSettings = {
				CLANG_CXX_LIBRARY = "libc++";
				CODE_SIGN_IDENTITY = "iPhone Developer";
				FRAMEWORK_SEARCH_PATHS = (
					"$(inherited)",
					"\"$(SRCROOT)/Externals\"",
				);
				GCC_PRECOMPILE_PREFIX_HEADER = YES;
				GCC_PREFIX_HEADER = "Mimeograph/Mimeograph-Prefix.pch";
				INFOPLIST_FILE = "$(SRCROOT)/Mimeograph/Mimeograph-Info.plist";
				IPHONEOS_DEPLOYMENT_TARGET = 5.1;
				PRODUCT_NAME = Mimeograph;
				PROVISIONING_PROFILE = "";
				WRAPPER_EXTENSION = app;
			};
			name = Debug;
		};
		FE9DBCE416794E73009E5B75 /* Release */ = {
			isa = XCBuildConfiguration;
			buildSettings = {
				CLANG_CXX_LIBRARY = "libc++";
				CODE_SIGN_IDENTITY = "iPhone Distribution";
				FRAMEWORK_SEARCH_PATHS = (
					"$(inherited)",
					"\"$(SRCROOT)/Externals\"",
				);
				GCC_PRECOMPILE_PREFIX_HEADER = YES;
				GCC_PREFIX_HEADER = "Mimeograph/Mimeograph-Prefix.pch";
				INFOPLIST_FILE = "$(SRCROOT)/Mimeograph/Mimeograph-Info.plist";
				IPHONEOS_DEPLOYMENT_TARGET = 5.1;
				PRODUCT_NAME = Mimeograph;
				PROVISIONING_PROFILE = "";
				WRAPPER_EXTENSION = app;
			};
			name = Release;
		};
/* End XCBuildConfiguration section */

/* Begin XCConfigurationList section */
		FE9DBCB816794E72009E5B75 /* Build configuration list for PBXProject "Mimeograph" */ = {
			isa = XCConfigurationList;
			buildConfigurations = (
				FE9DBCE016794E73009E5B75 /* Debug */,
				FE9DBCE116794E73009E5B75 /* Release */,
			);
			defaultConfigurationIsVisible = 0;
			defaultConfigurationName = Release;
		};
		FE9DBCE216794E73009E5B75 /* Build configuration list for PBXNativeTarget "Mimeograph" */ = {
			isa = XCConfigurationList;
			buildConfigurations = (
				FE9DBCE316794E73009E5B75 /* Debug */,
				FE9DBCE416794E73009E5B75 /* Release */,
			);
			defaultConfigurationIsVisible = 0;
			defaultConfigurationName = Release;
		};
/* End XCConfigurationList section */
	};
	rootObject = FE9DBCB516794E72009E5B75 /* Project object */;
}
