// !$*UTF8*$!
{
	archiveVersion = 1;
	classes = {
	};
	objectVersion = 46;
	objects = {

/* Begin PBXBuildFile section */
		FE1A09E51689874700C5C63F /* UIView+Snapshot.m in Sources */ = {isa = PBXBuildFile; fileRef = FE1A09E41689874700C5C63F /* UIView+Snapshot.m */; };
		FE351C6316865AA9000FB0DE /* AssetsLibrary.framework in Frameworks */ = {isa = PBXBuildFile; fileRef = FE351C6216865AA9000FB0DE /* AssetsLibrary.framework */; };
		FE351C7116868853000FB0DE /* sliderMaxMin-02.png in Resources */ = {isa = PBXBuildFile; fileRef = FE351C6C16868853000FB0DE /* sliderMaxMin-02.png */; };
		FE351C7216868853000FB0DE /* sliderThumb.png in Resources */ = {isa = PBXBuildFile; fileRef = FE351C6D16868853000FB0DE /* sliderThumb.png */; };
		FE351C7316868853000FB0DE /* sliderTrack.png in Resources */ = {isa = PBXBuildFile; fileRef = FE351C6E16868853000FB0DE /* sliderTrack.png */; };
		FE351C7416868853000FB0DE /* SlideToCancelViewController.m in Sources */ = {isa = PBXBuildFile; fileRef = FE351C7016868853000FB0DE /* SlideToCancelViewController.m */; settings = {COMPILER_FLAGS = "-fno-objc-arc -w -Xanalyzer -analyzer-disable-checker"; }; };
		FE351C82168699F4000FB0DE /* UIAlertView+Utilities.m in Sources */ = {isa = PBXBuildFile; fileRef = FE351C81168699F4000FB0DE /* UIAlertView+Utilities.m */; };
		FE88866F16898E920006D58E /* btn_main.png in Resources */ = {isa = PBXBuildFile; fileRef = FE88865916898E920006D58E /* btn_main.png */; };
		FE88867016898E920006D58E /* btn_main@2x.png in Resources */ = {isa = PBXBuildFile; fileRef = FE88865A16898E920006D58E /* btn_main@2x.png */; };
		FE88867516898E920006D58E /* icon_lock_active.png in Resources */ = {isa = PBXBuildFile; fileRef = FE88865F16898E920006D58E /* icon_lock_active.png */; };
		FE88867616898E920006D58E /* icon_lock_active@2x.png in Resources */ = {isa = PBXBuildFile; fileRef = FE88866016898E920006D58E /* icon_lock_active@2x.png */; };
		FE88867716898E920006D58E /* icon_lock.png in Resources */ = {isa = PBXBuildFile; fileRef = FE88866116898E920006D58E /* icon_lock.png */; };
		FE88867816898E920006D58E /* icon_lock@2x.png in Resources */ = {isa = PBXBuildFile; fileRef = FE88866216898E920006D58E /* icon_lock@2x.png */; };
		FE88867916898E920006D58E /* icon_negative_active.png in Resources */ = {isa = PBXBuildFile; fileRef = FE88866316898E920006D58E /* icon_negative_active.png */; };
		FE88867A16898E920006D58E /* icon_negative_active@2x.png in Resources */ = {isa = PBXBuildFile; fileRef = FE88866416898E920006D58E /* icon_negative_active@2x.png */; };
		FE88867B16898E920006D58E /* icon_negative.png in Resources */ = {isa = PBXBuildFile; fileRef = FE88866516898E920006D58E /* icon_negative.png */; };
		FE88867C16898E920006D58E /* icon_negative@2x.png in Resources */ = {isa = PBXBuildFile; fileRef = FE88866616898E920006D58E /* icon_negative@2x.png */; };
		FE88867D16898E920006D58E /* icon_outline_active.png in Resources */ = {isa = PBXBuildFile; fileRef = FE88866716898E920006D58E /* icon_outline_active.png */; };
		FE88867E16898E920006D58E /* icon_outline_active@2x.png in Resources */ = {isa = PBXBuildFile; fileRef = FE88866816898E920006D58E /* icon_outline_active@2x.png */; };
		FE88867F16898E920006D58E /* icon_outline.png in Resources */ = {isa = PBXBuildFile; fileRef = FE88866916898E920006D58E /* icon_outline.png */; };
		FE88868016898E920006D58E /* icon_outline@2x.png in Resources */ = {isa = PBXBuildFile; fileRef = FE88866A16898E920006D58E /* icon_outline@2x.png */; };
		FE88868116898E920006D58E /* icon_plus.png in Resources */ = {isa = PBXBuildFile; fileRef = FE88866B16898E920006D58E /* icon_plus.png */; };
		FE88868216898E920006D58E /* icon_plus@2x.png in Resources */ = {isa = PBXBuildFile; fileRef = FE88866C16898E920006D58E /* icon_plus@2x.png */; };
		FE88868316898E920006D58E /* icon_x.png in Resources */ = {isa = PBXBuildFile; fileRef = FE88866D16898E920006D58E /* icon_x.png */; };
		FE88868416898E920006D58E /* icon_x@2x.png in Resources */ = {isa = PBXBuildFile; fileRef = FE88866E16898E920006D58E /* icon_x@2x.png */; };
		FE9DBCC316794E73009E5B75 /* UIKit.framework in Frameworks */ = {isa = PBXBuildFile; fileRef = FE9DBCC216794E73009E5B75 /* UIKit.framework */; };
		FE9DBCC516794E73009E5B75 /* Foundation.framework in Frameworks */ = {isa = PBXBuildFile; fileRef = FE9DBCC416794E73009E5B75 /* Foundation.framework */; };
		FE9DBCC716794E73009E5B75 /* CoreGraphics.framework in Frameworks */ = {isa = PBXBuildFile; fileRef = FE9DBCC616794E73009E5B75 /* CoreGraphics.framework */; };
		FE9DBCCD16794E73009E5B75 /* InfoPlist.strings in Resources */ = {isa = PBXBuildFile; fileRef = FE9DBCCB16794E73009E5B75 /* InfoPlist.strings */; };
		FE9DBCCF16794E73009E5B75 /* main.m in Sources */ = {isa = PBXBuildFile; fileRef = FE9DBCCE16794E73009E5B75 /* main.m */; };
		FE9DBCD316794E73009E5B75 /* LTAppDelegate.m in Sources */ = {isa = PBXBuildFile; fileRef = FE9DBCD216794E73009E5B75 /* LTAppDelegate.m */; };
		FE9DBCD516794E73009E5B75 /* Default.png in Resources */ = {isa = PBXBuildFile; fileRef = FE9DBCD416794E73009E5B75 /* Default.png */; };
		FE9DBCD716794E73009E5B75 /* Default@2x.png in Resources */ = {isa = PBXBuildFile; fileRef = FE9DBCD616794E73009E5B75 /* Default@2x.png */; };
		FE9DBCD916794E73009E5B75 /* Default-568h@2x.png in Resources */ = {isa = PBXBuildFile; fileRef = FE9DBCD816794E73009E5B75 /* Default-568h@2x.png */; };
		FE9DBCDC16794E73009E5B75 /* MainStoryboard.storyboard in Resources */ = {isa = PBXBuildFile; fileRef = FE9DBCDA16794E73009E5B75 /* MainStoryboard.storyboard */; };
		FE9DBCDF16794E73009E5B75 /* LTViewController.m in Sources */ = {isa = PBXBuildFile; fileRef = FE9DBCDE16794E73009E5B75 /* LTViewController.m */; };
		FEAF93C01689DD1B0026294D /* icon_arrow_left.png in Resources */ = {isa = PBXBuildFile; fileRef = FEAF93BC1689DD1B0026294D /* icon_arrow_left.png */; };
		FEAF93C11689DD1B0026294D /* icon_arrow_left@2x.png in Resources */ = {isa = PBXBuildFile; fileRef = FEAF93BD1689DD1B0026294D /* icon_arrow_left@2x.png */; };
		FEAF93C21689DD1B0026294D /* icon_arrow_right.png in Resources */ = {isa = PBXBuildFile; fileRef = FEAF93BE1689DD1B0026294D /* icon_arrow_right.png */; };
		FEAF93C31689DD1B0026294D /* icon_arrow_right@2x.png in Resources */ = {isa = PBXBuildFile; fileRef = FEAF93BF1689DD1B0026294D /* icon_arrow_right@2x.png */; };
		FEAF93C71689F6720026294D /* MBProgressHUD.m in Sources */ = {isa = PBXBuildFile; fileRef = FEAF93C61689F6720026294D /* MBProgressHUD.m */; };
		FEAF93CA1689FB460026294D /* LTImageView.m in Sources */ = {isa = PBXBuildFile; fileRef = FEAF93C91689FB460026294D /* LTImageView.m */; };
		FEAF93CD1689FCC00026294D /* LTView.m in Sources */ = {isa = PBXBuildFile; fileRef = FEAF93CC1689FCC00026294D /* LTView.m */; };
		FEAF93CF168A468D0026294D /* tick.mp3 in Resources */ = {isa = PBXBuildFile; fileRef = FEAF93CE168A468D0026294D /* tick.mp3 */; };
		FEAF93D6168A472D0026294D /* AudioToolbox.framework in Frameworks */ = {isa = PBXBuildFile; fileRef = FEAF93D5168A472D0026294D /* AudioToolbox.framework */; };
		FEC3934116872ED800CD5F4E /* opencv2.framework in Frameworks */ = {isa = PBXBuildFile; fileRef = FEC3934016872ED800CD5F4E /* opencv2.framework */; };
		FEEAE2DB168746E500CBA401 /* LTEdgeDetector.mm in Sources */ = {isa = PBXBuildFile; fileRef = FEEAE2DA168746E500CBA401 /* LTEdgeDetector.mm */; };
		FEEAE2E016874A3700CBA401 /* UIImage+Utilities.mm in Sources */ = {isa = PBXBuildFile; fileRef = FEEAE2DF16874A3700CBA401 /* UIImage+Utilities.mm */; };
/* End PBXBuildFile section */

/* Begin PBXFileReference section */
		FE1A09E31689874700C5C63F /* UIView+Snapshot.h */ = {isa = PBXFileReference; fileEncoding = 4; lastKnownFileType = sourcecode.c.h; path = "UIView+Snapshot.h"; sourceTree = "<group>"; };
		FE1A09E41689874700C5C63F /* UIView+Snapshot.m */ = {isa = PBXFileReference; fileEncoding = 4; lastKnownFileType = sourcecode.c.objc; path = "UIView+Snapshot.m"; sourceTree = "<group>"; };
		FE351C6216865AA9000FB0DE /* AssetsLibrary.framework */ = {isa = PBXFileReference; lastKnownFileType = wrapper.framework; name = AssetsLibrary.framework; path = System/Library/Frameworks/AssetsLibrary.framework; sourceTree = SDKROOT; };
		FE351C6C16868853000FB0DE /* sliderMaxMin-02.png */ = {isa = PBXFileReference; lastKnownFileType = image.png; path = "sliderMaxMin-02.png"; sourceTree = "<group>"; };
		FE351C6D16868853000FB0DE /* sliderThumb.png */ = {isa = PBXFileReference; lastKnownFileType = image.png; path = sliderThumb.png; sourceTree = "<group>"; };
		FE351C6E16868853000FB0DE /* sliderTrack.png */ = {isa = PBXFileReference; lastKnownFileType = image.png; path = sliderTrack.png; sourceTree = "<group>"; };
		FE351C6F16868853000FB0DE /* SlideToCancelViewController.h */ = {isa = PBXFileReference; fileEncoding = 4; lastKnownFileType = sourcecode.c.h; path = SlideToCancelViewController.h; sourceTree = "<group>"; };
		FE351C7016868853000FB0DE /* SlideToCancelViewController.m */ = {isa = PBXFileReference; fileEncoding = 4; lastKnownFileType = sourcecode.c.objc; path = SlideToCancelViewController.m; sourceTree = "<group>"; };
		FE351C80168699F4000FB0DE /* UIAlertView+Utilities.h */ = {isa = PBXFileReference; fileEncoding = 4; lastKnownFileType = sourcecode.c.h; path = "UIAlertView+Utilities.h"; sourceTree = "<group>"; };
		FE351C81168699F4000FB0DE /* UIAlertView+Utilities.m */ = {isa = PBXFileReference; fileEncoding = 4; lastKnownFileType = sourcecode.c.objc; path = "UIAlertView+Utilities.m"; sourceTree = "<group>"; };
		FE88865916898E920006D58E /* btn_main.png */ = {isa = PBXFileReference; lastKnownFileType = image.png; name = btn_main.png; path = images/btn_main.png; sourceTree = "<group>"; };
		FE88865A16898E920006D58E /* btn_main@2x.png */ = {isa = PBXFileReference; lastKnownFileType = image.png; name = "btn_main@2x.png"; path = "images/btn_main@2x.png"; sourceTree = "<group>"; };
		FE88865F16898E920006D58E /* icon_lock_active.png */ = {isa = PBXFileReference; lastKnownFileType = image.png; name = icon_lock_active.png; path = images/icon_lock_active.png; sourceTree = "<group>"; };
		FE88866016898E920006D58E /* icon_lock_active@2x.png */ = {isa = PBXFileReference; lastKnownFileType = image.png; name = "icon_lock_active@2x.png"; path = "images/icon_lock_active@2x.png"; sourceTree = "<group>"; };
		FE88866116898E920006D58E /* icon_lock.png */ = {isa = PBXFileReference; lastKnownFileType = image.png; name = icon_lock.png; path = images/icon_lock.png; sourceTree = "<group>"; };
		FE88866216898E920006D58E /* icon_lock@2x.png */ = {isa = PBXFileReference; lastKnownFileType = image.png; name = "icon_lock@2x.png"; path = "images/icon_lock@2x.png"; sourceTree = "<group>"; };
		FE88866316898E920006D58E /* icon_negative_active.png */ = {isa = PBXFileReference; lastKnownFileType = image.png; name = icon_negative_active.png; path = images/icon_negative_active.png; sourceTree = "<group>"; };
		FE88866416898E920006D58E /* icon_negative_active@2x.png */ = {isa = PBXFileReference; lastKnownFileType = image.png; name = "icon_negative_active@2x.png"; path = "images/icon_negative_active@2x.png"; sourceTree = "<group>"; };
		FE88866516898E920006D58E /* icon_negative.png */ = {isa = PBXFileReference; lastKnownFileType = image.png; name = icon_negative.png; path = images/icon_negative.png; sourceTree = "<group>"; };
		FE88866616898E920006D58E /* icon_negative@2x.png */ = {isa = PBXFileReference; lastKnownFileType = image.png; name = "icon_negative@2x.png"; path = "images/icon_negative@2x.png"; sourceTree = "<group>"; };
		FE88866716898E920006D58E /* icon_outline_active.png */ = {isa = PBXFileReference; lastKnownFileType = image.png; name = icon_outline_active.png; path = images/icon_outline_active.png; sourceTree = "<group>"; };
		FE88866816898E920006D58E /* icon_outline_active@2x.png */ = {isa = PBXFileReference; lastKnownFileType = image.png; name = "icon_outline_active@2x.png"; path = "images/icon_outline_active@2x.png"; sourceTree = "<group>"; };
		FE88866916898E920006D58E /* icon_outline.png */ = {isa = PBXFileReference; lastKnownFileType = image.png; name = icon_outline.png; path = images/icon_outline.png; sourceTree = "<group>"; };
		FE88866A16898E920006D58E /* icon_outline@2x.png */ = {isa = PBXFileReference; lastKnownFileType = image.png; name = "icon_outline@2x.png"; path = "images/icon_outline@2x.png"; sourceTree = "<group>"; };
		FE88866B16898E920006D58E /* icon_plus.png */ = {isa = PBXFileReference; lastKnownFileType = image.png; name = icon_plus.png; path = images/icon_plus.png; sourceTree = "<group>"; };
		FE88866C16898E920006D58E /* icon_plus@2x.png */ = {isa = PBXFileReference; lastKnownFileType = image.png; name = "icon_plus@2x.png"; path = "images/icon_plus@2x.png"; sourceTree = "<group>"; };
		FE88866D16898E920006D58E /* icon_x.png */ = {isa = PBXFileReference; lastKnownFileType = image.png; name = icon_x.png; path = images/icon_x.png; sourceTree = "<group>"; };
		FE88866E16898E920006D58E /* icon_x@2x.png */ = {isa = PBXFileReference; lastKnownFileType = image.png; name = "icon_x@2x.png"; path = "images/icon_x@2x.png"; sourceTree = "<group>"; };
		FE9DBCBE16794E73009E5B75 /* LightTable.app */ = {isa = PBXFileReference; explicitFileType = wrapper.application; includeInIndex = 0; path = LightTable.app; sourceTree = BUILT_PRODUCTS_DIR; };
		FE9DBCC216794E73009E5B75 /* UIKit.framework */ = {isa = PBXFileReference; lastKnownFileType = wrapper.framework; name = UIKit.framework; path = System/Library/Frameworks/UIKit.framework; sourceTree = SDKROOT; };
		FE9DBCC416794E73009E5B75 /* Foundation.framework */ = {isa = PBXFileReference; lastKnownFileType = wrapper.framework; name = Foundation.framework; path = System/Library/Frameworks/Foundation.framework; sourceTree = SDKROOT; };
		FE9DBCC616794E73009E5B75 /* CoreGraphics.framework */ = {isa = PBXFileReference; lastKnownFileType = wrapper.framework; name = CoreGraphics.framework; path = System/Library/Frameworks/CoreGraphics.framework; sourceTree = SDKROOT; };
		FE9DBCCA16794E73009E5B75 /* LightTable-Info.plist */ = {isa = PBXFileReference; lastKnownFileType = text.plist.xml; path = "LightTable-Info.plist"; sourceTree = "<group>"; };
		FE9DBCCC16794E73009E5B75 /* en */ = {isa = PBXFileReference; lastKnownFileType = text.plist.strings; name = en; path = en.lproj/InfoPlist.strings; sourceTree = "<group>"; };
		FE9DBCCE16794E73009E5B75 /* main.m */ = {isa = PBXFileReference; lastKnownFileType = sourcecode.c.objc; path = main.m; sourceTree = "<group>"; };
		FE9DBCD016794E73009E5B75 /* LightTable-Prefix.pch */ = {isa = PBXFileReference; lastKnownFileType = sourcecode.c.h; path = "LightTable-Prefix.pch"; sourceTree = "<group>"; };
		FE9DBCD116794E73009E5B75 /* LTAppDelegate.h */ = {isa = PBXFileReference; lastKnownFileType = sourcecode.c.h; path = LTAppDelegate.h; sourceTree = "<group>"; };
		FE9DBCD216794E73009E5B75 /* LTAppDelegate.m */ = {isa = PBXFileReference; lastKnownFileType = sourcecode.c.objc; path = LTAppDelegate.m; sourceTree = "<group>"; };
		FE9DBCD416794E73009E5B75 /* Default.png */ = {isa = PBXFileReference; lastKnownFileType = image.png; path = Default.png; sourceTree = "<group>"; };
		FE9DBCD616794E73009E5B75 /* Default@2x.png */ = {isa = PBXFileReference; lastKnownFileType = image.png; path = "Default@2x.png"; sourceTree = "<group>"; };
		FE9DBCD816794E73009E5B75 /* Default-568h@2x.png */ = {isa = PBXFileReference; lastKnownFileType = image.png; path = "Default-568h@2x.png"; sourceTree = "<group>"; };
		FE9DBCDB16794E73009E5B75 /* en */ = {isa = PBXFileReference; lastKnownFileType = file.storyboard; name = en; path = en.lproj/MainStoryboard.storyboard; sourceTree = "<group>"; };
		FE9DBCDD16794E73009E5B75 /* LTViewController.h */ = {isa = PBXFileReference; lastKnownFileType = sourcecode.c.h; path = LTViewController.h; sourceTree = "<group>"; };
		FE9DBCDE16794E73009E5B75 /* LTViewController.m */ = {isa = PBXFileReference; lastKnownFileType = sourcecode.c.objc; path = LTViewController.m; sourceTree = "<group>"; };
		FEAF93BC1689DD1B0026294D /* icon_arrow_left.png */ = {isa = PBXFileReference; lastKnownFileType = image.png; name = icon_arrow_left.png; path = images/icon_arrow_left.png; sourceTree = "<group>"; };
		FEAF93BD1689DD1B0026294D /* icon_arrow_left@2x.png */ = {isa = PBXFileReference; lastKnownFileType = image.png; name = "icon_arrow_left@2x.png"; path = "images/icon_arrow_left@2x.png"; sourceTree = "<group>"; };
		FEAF93BE1689DD1B0026294D /* icon_arrow_right.png */ = {isa = PBXFileReference; lastKnownFileType = image.png; name = icon_arrow_right.png; path = images/icon_arrow_right.png; sourceTree = "<group>"; };
		FEAF93BF1689DD1B0026294D /* icon_arrow_right@2x.png */ = {isa = PBXFileReference; lastKnownFileType = image.png; name = "icon_arrow_right@2x.png"; path = "images/icon_arrow_right@2x.png"; sourceTree = "<group>"; };
		FEAF93C51689F6720026294D /* MBProgressHUD.h */ = {isa = PBXFileReference; fileEncoding = 4; lastKnownFileType = sourcecode.c.h; path = MBProgressHUD.h; sourceTree = "<group>"; };
		FEAF93C61689F6720026294D /* MBProgressHUD.m */ = {isa = PBXFileReference; fileEncoding = 4; lastKnownFileType = sourcecode.c.objc; path = MBProgressHUD.m; sourceTree = "<group>"; };
		FEAF93C81689FB460026294D /* LTImageView.h */ = {isa = PBXFileReference; fileEncoding = 4; lastKnownFileType = sourcecode.c.h; path = LTImageView.h; sourceTree = "<group>"; };
		FEAF93C91689FB460026294D /* LTImageView.m */ = {isa = PBXFileReference; fileEncoding = 4; lastKnownFileType = sourcecode.c.objc; path = LTImageView.m; sourceTree = "<group>"; };
		FEAF93CB1689FCC00026294D /* LTView.h */ = {isa = PBXFileReference; fileEncoding = 4; lastKnownFileType = sourcecode.c.h; path = LTView.h; sourceTree = "<group>"; };
		FEAF93CC1689FCC00026294D /* LTView.m */ = {isa = PBXFileReference; fileEncoding = 4; lastKnownFileType = sourcecode.c.objc; path = LTView.m; sourceTree = "<group>"; };
		FEAF93CE168A468D0026294D /* tick.mp3 */ = {isa = PBXFileReference; lastKnownFileType = audio.mp3; path = tick.mp3; sourceTree = "<group>"; };
		FEAF93D5168A472D0026294D /* AudioToolbox.framework */ = {isa = PBXFileReference; lastKnownFileType = wrapper.framework; name = AudioToolbox.framework; path = System/Library/Frameworks/AudioToolbox.framework; sourceTree = SDKROOT; };
		FEC3934016872ED800CD5F4E /* opencv2.framework */ = {isa = PBXFileReference; lastKnownFileType = wrapper.framework; name = opencv2.framework; path = Externals/opencv2.framework; sourceTree = "<group>"; };
		FEEAE2D9168746E500CBA401 /* LTEdgeDetector.h */ = {isa = PBXFileReference; fileEncoding = 4; lastKnownFileType = sourcecode.c.h; path = LTEdgeDetector.h; sourceTree = "<group>"; };
		FEEAE2DA168746E500CBA401 /* LTEdgeDetector.mm */ = {isa = PBXFileReference; fileEncoding = 4; lastKnownFileType = sourcecode.cpp.objcpp; path = LTEdgeDetector.mm; sourceTree = "<group>"; };
		FEEAE2DC16874A1C00CBA401 /* UIImage+Utilities.h */ = {isa = PBXFileReference; fileEncoding = 4; lastKnownFileType = sourcecode.c.h; path = "UIImage+Utilities.h"; sourceTree = "<group>"; };
		FEEAE2DF16874A3700CBA401 /* UIImage+Utilities.mm */ = {isa = PBXFileReference; fileEncoding = 4; lastKnownFileType = sourcecode.cpp.objcpp; path = "UIImage+Utilities.mm"; sourceTree = "<group>"; };
/* End PBXFileReference section */

/* Begin PBXFrameworksBuildPhase section */
		FE9DBCBB16794E73009E5B75 /* Frameworks */ = {
			isa = PBXFrameworksBuildPhase;
			buildActionMask = 2147483647;
			files = (
				FEAF93D6168A472D0026294D /* AudioToolbox.framework in Frameworks */,
				FEC3934116872ED800CD5F4E /* opencv2.framework in Frameworks */,
				FE351C6316865AA9000FB0DE /* AssetsLibrary.framework in Frameworks */,
				FE9DBCC316794E73009E5B75 /* UIKit.framework in Frameworks */,
				FE9DBCC516794E73009E5B75 /* Foundation.framework in Frameworks */,
				FE9DBCC716794E73009E5B75 /* CoreGraphics.framework in Frameworks */,
			);
			runOnlyForDeploymentPostprocessing = 0;
		};
/* End PBXFrameworksBuildPhase section */

/* Begin PBXGroup section */
		FE351C6616865DE5000FB0DE /* images */ = {
			isa = PBXGroup;
			children = (
				FEAF93CE168A468D0026294D /* tick.mp3 */,
				FE88865916898E920006D58E /* btn_main.png */,
				FE88865A16898E920006D58E /* btn_main@2x.png */,
				FE88865F16898E920006D58E /* icon_lock_active.png */,
				FE88866016898E920006D58E /* icon_lock_active@2x.png */,
				FE88866116898E920006D58E /* icon_lock.png */,
				FE88866216898E920006D58E /* icon_lock@2x.png */,
				FE88866316898E920006D58E /* icon_negative_active.png */,
				FE88866416898E920006D58E /* icon_negative_active@2x.png */,
				FE88866516898E920006D58E /* icon_negative.png */,
				FE88866616898E920006D58E /* icon_negative@2x.png */,
				FE88866716898E920006D58E /* icon_outline_active.png */,
				FE88866816898E920006D58E /* icon_outline_active@2x.png */,
				FE88866916898E920006D58E /* icon_outline.png */,
				FE88866A16898E920006D58E /* icon_outline@2x.png */,
				FE88866B16898E920006D58E /* icon_plus.png */,
				FE88866C16898E920006D58E /* icon_plus@2x.png */,
				FE88866D16898E920006D58E /* icon_x.png */,
				FE88866E16898E920006D58E /* icon_x@2x.png */,
				FEAF93BC1689DD1B0026294D /* icon_arrow_left.png */,
				FEAF93BD1689DD1B0026294D /* icon_arrow_left@2x.png */,
				FEAF93BE1689DD1B0026294D /* icon_arrow_right.png */,
				FEAF93BF1689DD1B0026294D /* icon_arrow_right@2x.png */,
			);
			name = images;
			sourceTree = "<group>";
		};
		FE351C6B16868853000FB0DE /* SlideToCancel */ = {
			isa = PBXGroup;
			children = (
				FE351C6C16868853000FB0DE /* sliderMaxMin-02.png */,
				FE351C6D16868853000FB0DE /* sliderThumb.png */,
				FE351C6E16868853000FB0DE /* sliderTrack.png */,
				FE351C6F16868853000FB0DE /* SlideToCancelViewController.h */,
				FE351C7016868853000FB0DE /* SlideToCancelViewController.m */,
			);
			path = SlideToCancel;
			sourceTree = "<group>";
		};
		FE351C7E168699DA000FB0DE /* Categories */ = {
			isa = PBXGroup;
			children = (
				FE351C80168699F4000FB0DE /* UIAlertView+Utilities.h */,
				FE351C81168699F4000FB0DE /* UIAlertView+Utilities.m */,
				FEEAE2DC16874A1C00CBA401 /* UIImage+Utilities.h */,
				FEEAE2DF16874A3700CBA401 /* UIImage+Utilities.mm */,
				FE1A09E31689874700C5C63F /* UIView+Snapshot.h */,
				FE1A09E41689874700C5C63F /* UIView+Snapshot.m */,
			);
			name = Categories;
			sourceTree = "<group>";
		};
		FE351C7F168699E4000FB0DE /* Main */ = {
			isa = PBXGroup;
			children = (
				FE9DBCD116794E73009E5B75 /* LTAppDelegate.h */,
				FE9DBCD216794E73009E5B75 /* LTAppDelegate.m */,
				FE9DBCDA16794E73009E5B75 /* MainStoryboard.storyboard */,
				FE9DBCDD16794E73009E5B75 /* LTViewController.h */,
				FE9DBCDE16794E73009E5B75 /* LTViewController.m */,
				FEAF93C81689FB460026294D /* LTImageView.h */,
				FEAF93C91689FB460026294D /* LTImageView.m */,
				FEAF93CB1689FCC00026294D /* LTView.h */,
				FEAF93CC1689FCC00026294D /* LTView.m */,
				FEEAE2D9168746E500CBA401 /* LTEdgeDetector.h */,
				FEEAE2DA168746E500CBA401 /* LTEdgeDetector.mm */,
			);
			name = Main;
			sourceTree = "<group>";
		};
		FE535C52168657BD0044BC70 /* Externals */ = {
			isa = PBXGroup;
			children = (
				FEAF93C41689F6720026294D /* MBProgressHUD */,
				FE351C6B16868853000FB0DE /* SlideToCancel */,
			);
			path = Externals;
			sourceTree = "<group>";
		};
		FE9DBCB316794E72009E5B75 = {
			isa = PBXGroup;
			children = (
				FE9DBCC816794E73009E5B75 /* LightTable */,
				FE535C52168657BD0044BC70 /* Externals */,
				FE9DBCC116794E73009E5B75 /* Frameworks */,
				FE9DBCBF16794E73009E5B75 /* Products */,
			);
			sourceTree = "<group>";
		};
		FE9DBCBF16794E73009E5B75 /* Products */ = {
			isa = PBXGroup;
			children = (
				FE9DBCBE16794E73009E5B75 /* LightTable.app */,
			);
			name = Products;
			sourceTree = "<group>";
		};
		FE9DBCC116794E73009E5B75 /* Frameworks */ = {
			isa = PBXGroup;
			children = (
				FEAF93D5168A472D0026294D /* AudioToolbox.framework */,
				FEC3934016872ED800CD5F4E /* opencv2.framework */,
				FE351C6216865AA9000FB0DE /* AssetsLibrary.framework */,
				FE9DBCC216794E73009E5B75 /* UIKit.framework */,
				FE9DBCC416794E73009E5B75 /* Foundation.framework */,
				FE9DBCC616794E73009E5B75 /* CoreGraphics.framework */,
			);
			name = Frameworks;
			sourceTree = "<group>";
		};
		FE9DBCC816794E73009E5B75 /* LightTable */ = {
			isa = PBXGroup;
			children = (
				FE351C7F168699E4000FB0DE /* Main */,
				FE351C7E168699DA000FB0DE /* Categories */,
				FE351C6616865DE5000FB0DE /* images */,
				FE9DBCC916794E73009E5B75 /* Supporting Files */,
			);
			path = LightTable;
			sourceTree = "<group>";
		};
		FE9DBCC916794E73009E5B75 /* Supporting Files */ = {
			isa = PBXGroup;
			children = (
				FE9DBCCA16794E73009E5B75 /* LightTable-Info.plist */,
				FE9DBCCB16794E73009E5B75 /* InfoPlist.strings */,
				FE9DBCCE16794E73009E5B75 /* main.m */,
				FE9DBCD016794E73009E5B75 /* LightTable-Prefix.pch */,
				FE9DBCD416794E73009E5B75 /* Default.png */,
				FE9DBCD616794E73009E5B75 /* Default@2x.png */,
				FE9DBCD816794E73009E5B75 /* Default-568h@2x.png */,
			);
			name = "Supporting Files";
			sourceTree = "<group>";
		};
		FEAF93C41689F6720026294D /* MBProgressHUD */ = {
			isa = PBXGroup;
			children = (
				FEAF93C51689F6720026294D /* MBProgressHUD.h */,
				FEAF93C61689F6720026294D /* MBProgressHUD.m */,
			);
			path = MBProgressHUD;
			sourceTree = "<group>";
		};
/* End PBXGroup section */

/* Begin PBXNativeTarget section */
		FE9DBCBD16794E73009E5B75 /* LightTable */ = {
			isa = PBXNativeTarget;
			buildConfigurationList = FE9DBCE216794E73009E5B75 /* Build configuration list for PBXNativeTarget "LightTable" */;
			buildPhases = (
				FE9DBCBA16794E73009E5B75 /* Sources */,
				FE9DBCBB16794E73009E5B75 /* Frameworks */,
				FE9DBCBC16794E73009E5B75 /* Resources */,
			);
			buildRules = (
			);
			dependencies = (
			);
			name = LightTable;
			productName = LightTable;
			productReference = FE9DBCBE16794E73009E5B75 /* LightTable.app */;
			productType = "com.apple.product-type.application";
		};
/* End PBXNativeTarget section */

/* Begin PBXProject section */
		FE9DBCB516794E72009E5B75 /* Project object */ = {
			isa = PBXProject;
			attributes = {
				CLASSPREFIX = LT;
				LastUpgradeCheck = 0450;
				ORGANIZATIONNAME = Pixelbleed;
			};
			buildConfigurationList = FE9DBCB816794E72009E5B75 /* Build configuration list for PBXProject "LightTable" */;
			compatibilityVersion = "Xcode 3.2";
			developmentRegion = English;
			hasScannedForEncodings = 0;
			knownRegions = (
				en,
			);
			mainGroup = FE9DBCB316794E72009E5B75;
			productRefGroup = FE9DBCBF16794E73009E5B75 /* Products */;
			projectDirPath = "";
			projectRoot = "";
			targets = (
				FE9DBCBD16794E73009E5B75 /* LightTable */,
			);
		};
/* End PBXProject section */

/* Begin PBXResourcesBuildPhase section */
		FE9DBCBC16794E73009E5B75 /* Resources */ = {
			isa = PBXResourcesBuildPhase;
			buildActionMask = 2147483647;
			files = (
				FE9DBCCD16794E73009E5B75 /* InfoPlist.strings in Resources */,
				FE9DBCD516794E73009E5B75 /* Default.png in Resources */,
				FE9DBCD716794E73009E5B75 /* Default@2x.png in Resources */,
				FE9DBCD916794E73009E5B75 /* Default-568h@2x.png in Resources */,
				FE9DBCDC16794E73009E5B75 /* MainStoryboard.storyboard in Resources */,
				FE351C7116868853000FB0DE /* sliderMaxMin-02.png in Resources */,
				FE351C7216868853000FB0DE /* sliderThumb.png in Resources */,
				FE351C7316868853000FB0DE /* sliderTrack.png in Resources */,
				FE88866F16898E920006D58E /* btn_main.png in Resources */,
				FE88867016898E920006D58E /* btn_main@2x.png in Resources */,
				FE88867516898E920006D58E /* icon_lock_active.png in Resources */,
				FE88867616898E920006D58E /* icon_lock_active@2x.png in Resources */,
				FE88867716898E920006D58E /* icon_lock.png in Resources */,
				FE88867816898E920006D58E /* icon_lock@2x.png in Resources */,
				FE88867916898E920006D58E /* icon_negative_active.png in Resources */,
				FE88867A16898E920006D58E /* icon_negative_active@2x.png in Resources */,
				FE88867B16898E920006D58E /* icon_negative.png in Resources */,
				FE88867C16898E920006D58E /* icon_negative@2x.png in Resources */,
				FE88867D16898E920006D58E /* icon_outline_active.png in Resources */,
				FE88867E16898E920006D58E /* icon_outline_active@2x.png in Resources */,
				FE88867F16898E920006D58E /* icon_outline.png in Resources */,
				FE88868016898E920006D58E /* icon_outline@2x.png in Resources */,
				FE88868116898E920006D58E /* icon_plus.png in Resources */,
				FE88868216898E920006D58E /* icon_plus@2x.png in Resources */,
				FE88868316898E920006D58E /* icon_x.png in Resources */,
				FE88868416898E920006D58E /* icon_x@2x.png in Resources */,
				FEAF93C01689DD1B0026294D /* icon_arrow_left.png in Resources */,
				FEAF93C11689DD1B0026294D /* icon_arrow_left@2x.png in Resources */,
				FEAF93C21689DD1B0026294D /* icon_arrow_right.png in Resources */,
				FEAF93C31689DD1B0026294D /* icon_arrow_right@2x.png in Resources */,
				FEAF93CF168A468D0026294D /* tick.mp3 in Resources */,
			);
			runOnlyForDeploymentPostprocessing = 0;
		};
/* End PBXResourcesBuildPhase section */

/* Begin PBXSourcesBuildPhase section */
		FE9DBCBA16794E73009E5B75 /* Sources */ = {
			isa = PBXSourcesBuildPhase;
			buildActionMask = 2147483647;
			files = (
				FE9DBCCF16794E73009E5B75 /* main.m in Sources */,
				FE9DBCD316794E73009E5B75 /* LTAppDelegate.m in Sources */,
				FE9DBCDF16794E73009E5B75 /* LTViewController.m in Sources */,
				FE351C7416868853000FB0DE /* SlideToCancelViewController.m in Sources */,
				FE351C82168699F4000FB0DE /* UIAlertView+Utilities.m in Sources */,
				FEEAE2DB168746E500CBA401 /* LTEdgeDetector.mm in Sources */,
				FEEAE2E016874A3700CBA401 /* UIImage+Utilities.mm in Sources */,
				FE1A09E51689874700C5C63F /* UIView+Snapshot.m in Sources */,
				FEAF93C71689F6720026294D /* MBProgressHUD.m in Sources */,
				FEAF93CA1689FB460026294D /* LTImageView.m in Sources */,
				FEAF93CD1689FCC00026294D /* LTView.m in Sources */,
			);
			runOnlyForDeploymentPostprocessing = 0;
		};
/* End PBXSourcesBuildPhase section */

/* Begin PBXVariantGroup section */
		FE9DBCCB16794E73009E5B75 /* InfoPlist.strings */ = {
			isa = PBXVariantGroup;
			children = (
				FE9DBCCC16794E73009E5B75 /* en */,
			);
			name = InfoPlist.strings;
			sourceTree = "<group>";
		};
		FE9DBCDA16794E73009E5B75 /* MainStoryboard.storyboard */ = {
			isa = PBXVariantGroup;
			children = (
				FE9DBCDB16794E73009E5B75 /* en */,
			);
			name = MainStoryboard.storyboard;
			sourceTree = "<group>";
		};
/* End PBXVariantGroup section */

/* Begin XCBuildConfiguration section */
		FE9DBCE016794E73009E5B75 /* Debug */ = {
			isa = XCBuildConfiguration;
			buildSettings = {
				ALWAYS_SEARCH_USER_PATHS = NO;
				CLANG_CXX_LANGUAGE_STANDARD = "c++0x";
				CLANG_CXX_LIBRARY = "libstdc++";
				CLANG_ENABLE_OBJC_ARC = YES;
				CLANG_WARN_EMPTY_BODY = YES;
				CLANG_WARN__DUPLICATE_METHOD_MATCH = YES;
				CODE_SIGN_IDENTITY = "iPhone Developer";
				"CODE_SIGN_IDENTITY[sdk=iphoneos*]" = "iPhone Developer";
				COPY_PHASE_STRIP = NO;
				GCC_C_LANGUAGE_STANDARD = gnu99;
				GCC_DYNAMIC_NO_PIC = NO;
				GCC_OPTIMIZATION_LEVEL = 0;
				GCC_PRECOMPILE_PREFIX_HEADER = YES;
				GCC_PREPROCESSOR_DEFINITIONS = (
					"DEBUG=1",
					"$(inherited)",
				);
				GCC_SYMBOLS_PRIVATE_EXTERN = NO;
				GCC_WARN_ABOUT_RETURN_TYPE = YES;
				GCC_WARN_UNINITIALIZED_AUTOS = YES;
				GCC_WARN_UNUSED_VARIABLE = YES;
				IPHONEOS_DEPLOYMENT_TARGET = 5.1;
				ONLY_ACTIVE_ARCH = YES;
				OTHER_CFLAGS = "-lstdc++";
				OTHER_LDFLAGS = "";
				PROVISIONING_PROFILE = "";
				SDKROOT = iphoneos;
				TARGETED_DEVICE_FAMILY = 2;
			};
			name = Debug;
		};
		FE9DBCE116794E73009E5B75 /* Release */ = {
			isa = XCBuildConfiguration;
			buildSettings = {
				ALWAYS_SEARCH_USER_PATHS = NO;
				CLANG_CXX_LANGUAGE_STANDARD = "c++0x";
				CLANG_CXX_LIBRARY = "libstdc++";
				CLANG_ENABLE_OBJC_ARC = YES;
				CLANG_WARN_EMPTY_BODY = YES;
				CLANG_WARN__DUPLICATE_METHOD_MATCH = YES;
				"CODE_SIGN_IDENTITY[sdk=iphoneos*]" = "iPhone Developer";
				COPY_PHASE_STRIP = YES;
				GCC_C_LANGUAGE_STANDARD = gnu99;
				GCC_PRECOMPILE_PREFIX_HEADER = YES;
				GCC_WARN_ABOUT_RETURN_TYPE = YES;
				GCC_WARN_UNINITIALIZED_AUTOS = YES;
				GCC_WARN_UNUSED_VARIABLE = YES;
				IPHONEOS_DEPLOYMENT_TARGET = 5.1;
				OTHER_CFLAGS = "-lstdc++";
				OTHER_LDFLAGS = "";
				SDKROOT = iphoneos;
				TARGETED_DEVICE_FAMILY = 2;
				VALIDATE_PRODUCT = YES;
			};
			name = Release;
		};
		FE9DBCE316794E73009E5B75 /* Debug */ = {
			isa = XCBuildConfiguration;
			buildSettings = {
				CLANG_CXX_LIBRARY = "libc++";
				CODE_SIGN_IDENTITY = "iPhone Developer";
				FRAMEWORK_SEARCH_PATHS = (
					"$(inherited)",
					"\"$(SRCROOT)/Externals\"",
				);
				GCC_PRECOMPILE_PREFIX_HEADER = YES;
				GCC_PREFIX_HEADER = "LightTable/LightTable-Prefix.pch";
				INFOPLIST_FILE = "LightTable/LightTable-Info.plist";
				IPHONEOS_DEPLOYMENT_TARGET = 5.1;
				PRODUCT_NAME = "$(TARGET_NAME)";
				PROVISIONING_PROFILE = "";
				WRAPPER_EXTENSION = app;
			};
			name = Debug;
		};
		FE9DBCE416794E73009E5B75 /* Release */ = {
			isa = XCBuildConfiguration;
			buildSettings = {
				CLANG_CXX_LIBRARY = "libc++";
				CODE_SIGN_IDENTITY = "iPhone Distribution: Pixelbleed LLC";
				FRAMEWORK_SEARCH_PATHS = (
					"$(inherited)",
					"\"$(SRCROOT)/Externals\"",
				);
				GCC_PRECOMPILE_PREFIX_HEADER = YES;
				GCC_PREFIX_HEADER = "LightTable/LightTable-Prefix.pch";
				INFOPLIST_FILE = "LightTable/LightTable-Info.plist";
				IPHONEOS_DEPLOYMENT_TARGET = 5.1;
				PRODUCT_NAME = "$(TARGET_NAME)";
				PROVISIONING_PROFILE = "8F72251A-A97C-48A2-8852-EF70718DDF2C";
				WRAPPER_EXTENSION = app;
			};
			name = Release;
		};
/* End XCBuildConfiguration section */

/* Begin XCConfigurationList section */
		FE9DBCB816794E72009E5B75 /* Build configuration list for PBXProject "LightTable" */ = {
			isa = XCConfigurationList;
			buildConfigurations = (
				FE9DBCE016794E73009E5B75 /* Debug */,
				FE9DBCE116794E73009E5B75 /* Release */,
			);
			defaultConfigurationIsVisible = 0;
			defaultConfigurationName = Release;
		};
		FE9DBCE216794E73009E5B75 /* Build configuration list for PBXNativeTarget "LightTable" */ = {
			isa = XCConfigurationList;
			buildConfigurations = (
				FE9DBCE316794E73009E5B75 /* Debug */,
				FE9DBCE416794E73009E5B75 /* Release */,
			);
			defaultConfigurationIsVisible = 0;
			defaultConfigurationName = Release;
		};
/* End XCConfigurationList section */
	};
	rootObject = FE9DBCB516794E72009E5B75 /* Project object */;
}
